// !$*UTF8*$!
{
	archiveVersion = 1;
	classes = {
	};
	objectVersion = 50;
	objects = {

/* Begin PBXBuildFile section */
		1D73EB04247D41570016FED2 /* Animation.swift in Sources */ = {isa = PBXBuildFile; fileRef = 1D73EB03247D41570016FED2 /* Animation.swift */; };
		1D91F637249CA35400FA6E0B /* SF-Pro-Display-Thin.otf in Resources */ = {isa = PBXBuildFile; fileRef = 1D91F625249CA35400FA6E0B /* SF-Pro-Display-Thin.otf */; };
		1D91F638249CA35400FA6E0B /* SF-Pro-Display-ThinItalic.otf in Resources */ = {isa = PBXBuildFile; fileRef = 1D91F626249CA35400FA6E0B /* SF-Pro-Display-ThinItalic.otf */; };
		1D91F639249CA35400FA6E0B /* SF-Pro-Display-Heavy.otf in Resources */ = {isa = PBXBuildFile; fileRef = 1D91F627249CA35400FA6E0B /* SF-Pro-Display-Heavy.otf */; };
		1D91F63A249CA35400FA6E0B /* SF-Pro-Display-BoldItalic.otf in Resources */ = {isa = PBXBuildFile; fileRef = 1D91F628249CA35400FA6E0B /* SF-Pro-Display-BoldItalic.otf */; };
		1D91F63B249CA35400FA6E0B /* SF-Pro-Display-Ultralight.otf in Resources */ = {isa = PBXBuildFile; fileRef = 1D91F629249CA35400FA6E0B /* SF-Pro-Display-Ultralight.otf */; };
		1D91F63C249CA35400FA6E0B /* SF-Pro-Display-LightItalic.otf in Resources */ = {isa = PBXBuildFile; fileRef = 1D91F62A249CA35400FA6E0B /* SF-Pro-Display-LightItalic.otf */; };
		1D91F63D249CA35400FA6E0B /* SF-Pro-Display-HeavyItalic.otf in Resources */ = {isa = PBXBuildFile; fileRef = 1D91F62B249CA35400FA6E0B /* SF-Pro-Display-HeavyItalic.otf */; };
		1D91F63E249CA35400FA6E0B /* SF-Pro-Display-RegularItalic.otf in Resources */ = {isa = PBXBuildFile; fileRef = 1D91F62C249CA35400FA6E0B /* SF-Pro-Display-RegularItalic.otf */; };
		1D91F63F249CA35400FA6E0B /* SF-Pro-Display-Light.otf in Resources */ = {isa = PBXBuildFile; fileRef = 1D91F62D249CA35400FA6E0B /* SF-Pro-Display-Light.otf */; };
		1D91F640249CA35400FA6E0B /* SF-Pro-Display-Bold.otf in Resources */ = {isa = PBXBuildFile; fileRef = 1D91F62E249CA35400FA6E0B /* SF-Pro-Display-Bold.otf */; };
		1D91F641249CA35400FA6E0B /* SF-Pro-Display-SemiboldItalic.otf in Resources */ = {isa = PBXBuildFile; fileRef = 1D91F62F249CA35400FA6E0B /* SF-Pro-Display-SemiboldItalic.otf */; };
		1D91F642249CA35400FA6E0B /* SF-Pro-Display-Regular.otf in Resources */ = {isa = PBXBuildFile; fileRef = 1D91F630249CA35400FA6E0B /* SF-Pro-Display-Regular.otf */; };
		1D91F643249CA35400FA6E0B /* SF-Pro-Display-UltralightItalic.otf in Resources */ = {isa = PBXBuildFile; fileRef = 1D91F631249CA35400FA6E0B /* SF-Pro-Display-UltralightItalic.otf */; };
		1D91F644249CA35400FA6E0B /* SF-Pro-Display-Black.otf in Resources */ = {isa = PBXBuildFile; fileRef = 1D91F632249CA35400FA6E0B /* SF-Pro-Display-Black.otf */; };
		1D91F645249CA35400FA6E0B /* SF-Pro-Display-MediumItalic.otf in Resources */ = {isa = PBXBuildFile; fileRef = 1D91F633249CA35400FA6E0B /* SF-Pro-Display-MediumItalic.otf */; };
		1D91F646249CA35400FA6E0B /* SF-Pro-Display-BlackItalic.otf in Resources */ = {isa = PBXBuildFile; fileRef = 1D91F634249CA35400FA6E0B /* SF-Pro-Display-BlackItalic.otf */; };
		1D91F647249CA35400FA6E0B /* SF-Pro-Display-Medium.otf in Resources */ = {isa = PBXBuildFile; fileRef = 1D91F635249CA35400FA6E0B /* SF-Pro-Display-Medium.otf */; };
		1D91F648249CA35400FA6E0B /* SF-Pro-Display-Semibold.otf in Resources */ = {isa = PBXBuildFile; fileRef = 1D91F636249CA35400FA6E0B /* SF-Pro-Display-Semibold.otf */; };
		1DB2D6B224630C1F00ECBB67 /* AppDelegate.swift in Sources */ = {isa = PBXBuildFile; fileRef = 1DB2D6B124630C1F00ECBB67 /* AppDelegate.swift */; };
		1DB2D6B424630C1F00ECBB67 /* SceneDelegate.swift in Sources */ = {isa = PBXBuildFile; fileRef = 1DB2D6B324630C1F00ECBB67 /* SceneDelegate.swift */; };
		1DB2D6B624630C1F00ECBB67 /* ViewController.swift in Sources */ = {isa = PBXBuildFile; fileRef = 1DB2D6B524630C1F00ECBB67 /* ViewController.swift */; };
		1DB2D6B924630C1F00ECBB67 /* Main.storyboard in Resources */ = {isa = PBXBuildFile; fileRef = 1DB2D6B724630C1F00ECBB67 /* Main.storyboard */; };
		1DB2D6BB24630C2000ECBB67 /* Assets.xcassets in Resources */ = {isa = PBXBuildFile; fileRef = 1DB2D6BA24630C2000ECBB67 /* Assets.xcassets */; };
		1DB2D6BE24630C2000ECBB67 /* LaunchScreen.storyboard in Resources */ = {isa = PBXBuildFile; fileRef = 1DB2D6BC24630C2000ECBB67 /* LaunchScreen.storyboard */; };
		1DB2D6C624630C4200ECBB67 /* Stopwatch.swift in Sources */ = {isa = PBXBuildFile; fileRef = 1DB2D6C524630C4200ECBB67 /* Stopwatch.swift */; };
		1DB51B382477CA8600AD097B /* Gradient.swift in Sources */ = {isa = PBXBuildFile; fileRef = 1DB51B372477CA8600AD097B /* Gradient.swift */; };
		1DF1B080246454AE00CA20AB /* Pay.swift in Sources */ = {isa = PBXBuildFile; fileRef = 1DF1B07F246454AE00CA20AB /* Pay.swift */; };
/* End PBXBuildFile section */

/* Begin PBXFileReference section */
		1D73EB03247D41570016FED2 /* Animation.swift */ = {isa = PBXFileReference; lastKnownFileType = sourcecode.swift; path = Animation.swift; sourceTree = "<group>"; };
		1D91F625249CA35400FA6E0B /* SF-Pro-Display-Thin.otf */ = {isa = PBXFileReference; lastKnownFileType = file; path = "SF-Pro-Display-Thin.otf"; sourceTree = "<group>"; };
		1D91F626249CA35400FA6E0B /* SF-Pro-Display-ThinItalic.otf */ = {isa = PBXFileReference; lastKnownFileType = file; path = "SF-Pro-Display-ThinItalic.otf"; sourceTree = "<group>"; };
		1D91F627249CA35400FA6E0B /* SF-Pro-Display-Heavy.otf */ = {isa = PBXFileReference; lastKnownFileType = file; path = "SF-Pro-Display-Heavy.otf"; sourceTree = "<group>"; };
		1D91F628249CA35400FA6E0B /* SF-Pro-Display-BoldItalic.otf */ = {isa = PBXFileReference; lastKnownFileType = file; path = "SF-Pro-Display-BoldItalic.otf"; sourceTree = "<group>"; };
		1D91F629249CA35400FA6E0B /* SF-Pro-Display-Ultralight.otf */ = {isa = PBXFileReference; lastKnownFileType = file; path = "SF-Pro-Display-Ultralight.otf"; sourceTree = "<group>"; };
		1D91F62A249CA35400FA6E0B /* SF-Pro-Display-LightItalic.otf */ = {isa = PBXFileReference; lastKnownFileType = file; path = "SF-Pro-Display-LightItalic.otf"; sourceTree = "<group>"; };
		1D91F62B249CA35400FA6E0B /* SF-Pro-Display-HeavyItalic.otf */ = {isa = PBXFileReference; lastKnownFileType = file; path = "SF-Pro-Display-HeavyItalic.otf"; sourceTree = "<group>"; };
		1D91F62C249CA35400FA6E0B /* SF-Pro-Display-RegularItalic.otf */ = {isa = PBXFileReference; lastKnownFileType = file; path = "SF-Pro-Display-RegularItalic.otf"; sourceTree = "<group>"; };
		1D91F62D249CA35400FA6E0B /* SF-Pro-Display-Light.otf */ = {isa = PBXFileReference; lastKnownFileType = file; path = "SF-Pro-Display-Light.otf"; sourceTree = "<group>"; };
		1D91F62E249CA35400FA6E0B /* SF-Pro-Display-Bold.otf */ = {isa = PBXFileReference; lastKnownFileType = file; path = "SF-Pro-Display-Bold.otf"; sourceTree = "<group>"; };
		1D91F62F249CA35400FA6E0B /* SF-Pro-Display-SemiboldItalic.otf */ = {isa = PBXFileReference; lastKnownFileType = file; path = "SF-Pro-Display-SemiboldItalic.otf"; sourceTree = "<group>"; };
		1D91F630249CA35400FA6E0B /* SF-Pro-Display-Regular.otf */ = {isa = PBXFileReference; lastKnownFileType = file; path = "SF-Pro-Display-Regular.otf"; sourceTree = "<group>"; };
		1D91F631249CA35400FA6E0B /* SF-Pro-Display-UltralightItalic.otf */ = {isa = PBXFileReference; lastKnownFileType = file; path = "SF-Pro-Display-UltralightItalic.otf"; sourceTree = "<group>"; };
		1D91F632249CA35400FA6E0B /* SF-Pro-Display-Black.otf */ = {isa = PBXFileReference; lastKnownFileType = file; path = "SF-Pro-Display-Black.otf"; sourceTree = "<group>"; };
		1D91F633249CA35400FA6E0B /* SF-Pro-Display-MediumItalic.otf */ = {isa = PBXFileReference; lastKnownFileType = file; path = "SF-Pro-Display-MediumItalic.otf"; sourceTree = "<group>"; };
		1D91F634249CA35400FA6E0B /* SF-Pro-Display-BlackItalic.otf */ = {isa = PBXFileReference; lastKnownFileType = file; path = "SF-Pro-Display-BlackItalic.otf"; sourceTree = "<group>"; };
		1D91F635249CA35400FA6E0B /* SF-Pro-Display-Medium.otf */ = {isa = PBXFileReference; lastKnownFileType = file; path = "SF-Pro-Display-Medium.otf"; sourceTree = "<group>"; };
		1D91F636249CA35400FA6E0B /* SF-Pro-Display-Semibold.otf */ = {isa = PBXFileReference; lastKnownFileType = file; path = "SF-Pro-Display-Semibold.otf"; sourceTree = "<group>"; };
		1DB2D6AE24630C1F00ECBB67 /* Pay_Timer_SB.app */ = {isa = PBXFileReference; explicitFileType = wrapper.application; includeInIndex = 0; path = Pay_Timer_SB.app; sourceTree = BUILT_PRODUCTS_DIR; };
		1DB2D6B124630C1F00ECBB67 /* AppDelegate.swift */ = {isa = PBXFileReference; lastKnownFileType = sourcecode.swift; path = AppDelegate.swift; sourceTree = "<group>"; };
		1DB2D6B324630C1F00ECBB67 /* SceneDelegate.swift */ = {isa = PBXFileReference; lastKnownFileType = sourcecode.swift; path = SceneDelegate.swift; sourceTree = "<group>"; };
		1DB2D6B524630C1F00ECBB67 /* ViewController.swift */ = {isa = PBXFileReference; lastKnownFileType = sourcecode.swift; path = ViewController.swift; sourceTree = "<group>"; };
		1DB2D6B824630C1F00ECBB67 /* Base */ = {isa = PBXFileReference; lastKnownFileType = file.storyboard; name = Base; path = Base.lproj/Main.storyboard; sourceTree = "<group>"; };
		1DB2D6BA24630C2000ECBB67 /* Assets.xcassets */ = {isa = PBXFileReference; lastKnownFileType = folder.assetcatalog; path = Assets.xcassets; sourceTree = "<group>"; };
		1DB2D6BD24630C2000ECBB67 /* Base */ = {isa = PBXFileReference; lastKnownFileType = file.storyboard; name = Base; path = Base.lproj/LaunchScreen.storyboard; sourceTree = "<group>"; };
		1DB2D6BF24630C2000ECBB67 /* Info.plist */ = {isa = PBXFileReference; lastKnownFileType = text.plist.xml; path = Info.plist; sourceTree = "<group>"; };
		1DB2D6C524630C4200ECBB67 /* Stopwatch.swift */ = {isa = PBXFileReference; lastKnownFileType = sourcecode.swift; path = Stopwatch.swift; sourceTree = "<group>"; };
		1DB51B372477CA8600AD097B /* Gradient.swift */ = {isa = PBXFileReference; lastKnownFileType = sourcecode.swift; path = Gradient.swift; sourceTree = "<group>"; };
		1DF1B07F246454AE00CA20AB /* Pay.swift */ = {isa = PBXFileReference; lastKnownFileType = sourcecode.swift; path = Pay.swift; sourceTree = "<group>"; };
/* End PBXFileReference section */

/* Begin PBXFrameworksBuildPhase section */
		1DB2D6AB24630C1E00ECBB67 /* Frameworks */ = {
			isa = PBXFrameworksBuildPhase;
			buildActionMask = 2147483647;
			files = (
			);
			runOnlyForDeploymentPostprocessing = 0;
		};
/* End PBXFrameworksBuildPhase section */

/* Begin PBXGroup section */
		1D91F624249CA32400FA6E0B /* fonts */ = {
			isa = PBXGroup;
			children = (
				1D91F632249CA35400FA6E0B /* SF-Pro-Display-Black.otf */,
				1D91F634249CA35400FA6E0B /* SF-Pro-Display-BlackItalic.otf */,
				1D91F62E249CA35400FA6E0B /* SF-Pro-Display-Bold.otf */,
				1D91F628249CA35400FA6E0B /* SF-Pro-Display-BoldItalic.otf */,
				1D91F627249CA35400FA6E0B /* SF-Pro-Display-Heavy.otf */,
				1D91F62B249CA35400FA6E0B /* SF-Pro-Display-HeavyItalic.otf */,
				1D91F62D249CA35400FA6E0B /* SF-Pro-Display-Light.otf */,
				1D91F62A249CA35400FA6E0B /* SF-Pro-Display-LightItalic.otf */,
				1D91F635249CA35400FA6E0B /* SF-Pro-Display-Medium.otf */,
				1D91F633249CA35400FA6E0B /* SF-Pro-Display-MediumItalic.otf */,
				1D91F630249CA35400FA6E0B /* SF-Pro-Display-Regular.otf */,
				1D91F62C249CA35400FA6E0B /* SF-Pro-Display-RegularItalic.otf */,
				1D91F636249CA35400FA6E0B /* SF-Pro-Display-Semibold.otf */,
				1D91F62F249CA35400FA6E0B /* SF-Pro-Display-SemiboldItalic.otf */,
				1D91F625249CA35400FA6E0B /* SF-Pro-Display-Thin.otf */,
				1D91F626249CA35400FA6E0B /* SF-Pro-Display-ThinItalic.otf */,
				1D91F629249CA35400FA6E0B /* SF-Pro-Display-Ultralight.otf */,
				1D91F631249CA35400FA6E0B /* SF-Pro-Display-UltralightItalic.otf */,
			);
			path = fonts;
			sourceTree = "<group>";
		};
		1DB2D6A524630C1E00ECBB67 = {
			isa = PBXGroup;
			children = (
				1D91F624249CA32400FA6E0B /* fonts */,
				1DB2D6B024630C1F00ECBB67 /* Pay_Timer_SB */,
				1DB2D6AF24630C1F00ECBB67 /* Products */,
			);
			sourceTree = "<group>";
		};
		1DB2D6AF24630C1F00ECBB67 /* Products */ = {
			isa = PBXGroup;
			children = (
				1DB2D6AE24630C1F00ECBB67 /* Pay_Timer_SB.app */,
			);
			name = Products;
			sourceTree = "<group>";
		};
		1DB2D6B024630C1F00ECBB67 /* Pay_Timer_SB */ = {
			isa = PBXGroup;
			children = (
				1DB2D6B124630C1F00ECBB67 /* AppDelegate.swift */,
				1DB2D6B324630C1F00ECBB67 /* SceneDelegate.swift */,
				1DB2D6B524630C1F00ECBB67 /* ViewController.swift */,
				1DB51B372477CA8600AD097B /* Gradient.swift */,
				1D73EB03247D41570016FED2 /* Animation.swift */,
				1DB2D6C524630C4200ECBB67 /* Stopwatch.swift */,
				1DF1B07F246454AE00CA20AB /* Pay.swift */,
				1DB2D6B724630C1F00ECBB67 /* Main.storyboard */,
				1DB2D6BA24630C2000ECBB67 /* Assets.xcassets */,
				1DB2D6BC24630C2000ECBB67 /* LaunchScreen.storyboard */,
				1DB2D6BF24630C2000ECBB67 /* Info.plist */,
			);
			path = Pay_Timer_SB;
			sourceTree = "<group>";
		};
/* End PBXGroup section */

/* Begin PBXNativeTarget section */
		1DB2D6AD24630C1E00ECBB67 /* Pay_Timer_SB */ = {
			isa = PBXNativeTarget;
			buildConfigurationList = 1DB2D6C224630C2000ECBB67 /* Build configuration list for PBXNativeTarget "Pay_Timer_SB" */;
			buildPhases = (
				1DB2D6AA24630C1E00ECBB67 /* Sources */,
				1DB2D6AB24630C1E00ECBB67 /* Frameworks */,
				1DB2D6AC24630C1E00ECBB67 /* Resources */,
			);
			buildRules = (
			);
			dependencies = (
			);
			name = Pay_Timer_SB;
			productName = Pay_Timer_SB;
			productReference = 1DB2D6AE24630C1F00ECBB67 /* Pay_Timer_SB.app */;
			productType = "com.apple.product-type.application";
		};
/* End PBXNativeTarget section */

/* Begin PBXProject section */
		1DB2D6A624630C1E00ECBB67 /* Project object */ = {
			isa = PBXProject;
			attributes = {
				LastSwiftUpdateCheck = 1140;
				LastUpgradeCheck = 1140;
				ORGANIZATIONNAME = "Federico Pastormerlo";
				TargetAttributes = {
					1DB2D6AD24630C1E00ECBB67 = {
						CreatedOnToolsVersion = 11.4.1;
					};
				};
			};
			buildConfigurationList = 1DB2D6A924630C1E00ECBB67 /* Build configuration list for PBXProject "Pay_Timer_SB" */;
			compatibilityVersion = "Xcode 9.3";
			developmentRegion = en;
			hasScannedForEncodings = 0;
			knownRegions = (
				en,
				Base,
			);
			mainGroup = 1DB2D6A524630C1E00ECBB67;
			productRefGroup = 1DB2D6AF24630C1F00ECBB67 /* Products */;
			projectDirPath = "";
			projectRoot = "";
			targets = (
				1DB2D6AD24630C1E00ECBB67 /* Pay_Timer_SB */,
			);
		};
/* End PBXProject section */

/* Begin PBXResourcesBuildPhase section */
		1DB2D6AC24630C1E00ECBB67 /* Resources */ = {
			isa = PBXResourcesBuildPhase;
			buildActionMask = 2147483647;
			files = (
				1D91F641249CA35400FA6E0B /* SF-Pro-Display-SemiboldItalic.otf in Resources */,
				1D91F637249CA35400FA6E0B /* SF-Pro-Display-Thin.otf in Resources */,
				1DB2D6BE24630C2000ECBB67 /* LaunchScreen.storyboard in Resources */,
				1D91F648249CA35400FA6E0B /* SF-Pro-Display-Semibold.otf in Resources */,
				1D91F63A249CA35400FA6E0B /* SF-Pro-Display-BoldItalic.otf in Resources */,
				1D91F647249CA35400FA6E0B /* SF-Pro-Display-Medium.otf in Resources */,
				1D91F645249CA35400FA6E0B /* SF-Pro-Display-MediumItalic.otf in Resources */,
				1D91F63B249CA35400FA6E0B /* SF-Pro-Display-Ultralight.otf in Resources */,
				1DB2D6BB24630C2000ECBB67 /* Assets.xcassets in Resources */,
				1D91F638249CA35400FA6E0B /* SF-Pro-Display-ThinItalic.otf in Resources */,
				1DB2D6B924630C1F00ECBB67 /* Main.storyboard in Resources */,
				1D91F640249CA35400FA6E0B /* SF-Pro-Display-Bold.otf in Resources */,
				1D91F639249CA35400FA6E0B /* SF-Pro-Display-Heavy.otf in Resources */,
				1D91F63E249CA35400FA6E0B /* SF-Pro-Display-RegularItalic.otf in Resources */,
				1D91F63C249CA35400FA6E0B /* SF-Pro-Display-LightItalic.otf in Resources */,
				1D91F63F249CA35400FA6E0B /* SF-Pro-Display-Light.otf in Resources */,
				1D91F642249CA35400FA6E0B /* SF-Pro-Display-Regular.otf in Resources */,
				1D91F646249CA35400FA6E0B /* SF-Pro-Display-BlackItalic.otf in Resources */,
				1D91F63D249CA35400FA6E0B /* SF-Pro-Display-HeavyItalic.otf in Resources */,
				1D91F644249CA35400FA6E0B /* SF-Pro-Display-Black.otf in Resources */,
				1D91F643249CA35400FA6E0B /* SF-Pro-Display-UltralightItalic.otf in Resources */,
			);
			runOnlyForDeploymentPostprocessing = 0;
		};
/* End PBXResourcesBuildPhase section */

/* Begin PBXSourcesBuildPhase section */
		1DB2D6AA24630C1E00ECBB67 /* Sources */ = {
			isa = PBXSourcesBuildPhase;
			buildActionMask = 2147483647;
			files = (
				1DF1B080246454AE00CA20AB /* Pay.swift in Sources */,
				1DB2D6B624630C1F00ECBB67 /* ViewController.swift in Sources */,
				1DB2D6B224630C1F00ECBB67 /* AppDelegate.swift in Sources */,
				1DB2D6B424630C1F00ECBB67 /* SceneDelegate.swift in Sources */,
				1DB2D6C624630C4200ECBB67 /* Stopwatch.swift in Sources */,
				1D73EB04247D41570016FED2 /* Animation.swift in Sources */,
				1DB51B382477CA8600AD097B /* Gradient.swift in Sources */,
			);
			runOnlyForDeploymentPostprocessing = 0;
		};
/* End PBXSourcesBuildPhase section */

/* Begin PBXVariantGroup section */
		1DB2D6B724630C1F00ECBB67 /* Main.storyboard */ = {
			isa = PBXVariantGroup;
			children = (
				1DB2D6B824630C1F00ECBB67 /* Base */,
			);
			name = Main.storyboard;
			sourceTree = "<group>";
		};
		1DB2D6BC24630C2000ECBB67 /* LaunchScreen.storyboard */ = {
			isa = PBXVariantGroup;
			children = (
				1DB2D6BD24630C2000ECBB67 /* Base */,
			);
			name = LaunchScreen.storyboard;
			sourceTree = "<group>";
		};
/* End PBXVariantGroup section */

/* Begin XCBuildConfiguration section */
		1DB2D6C024630C2000ECBB67 /* Debug */ = {
			isa = XCBuildConfiguration;
			buildSettings = {
				ALWAYS_SEARCH_USER_PATHS = NO;
				CLANG_ANALYZER_NONNULL = YES;
				CLANG_ANALYZER_NUMBER_OBJECT_CONVERSION = YES_AGGRESSIVE;
				CLANG_CXX_LANGUAGE_STANDARD = "gnu++14";
				CLANG_CXX_LIBRARY = "libc++";
				CLANG_ENABLE_MODULES = YES;
				CLANG_ENABLE_OBJC_ARC = YES;
				CLANG_ENABLE_OBJC_WEAK = YES;
				CLANG_WARN_BLOCK_CAPTURE_AUTORELEASING = YES;
				CLANG_WARN_BOOL_CONVERSION = YES;
				CLANG_WARN_COMMA = YES;
				CLANG_WARN_CONSTANT_CONVERSION = YES;
				CLANG_WARN_DEPRECATED_OBJC_IMPLEMENTATIONS = YES;
				CLANG_WARN_DIRECT_OBJC_ISA_USAGE = YES_ERROR;
				CLANG_WARN_DOCUMENTATION_COMMENTS = YES;
				CLANG_WARN_EMPTY_BODY = YES;
				CLANG_WARN_ENUM_CONVERSION = YES;
				CLANG_WARN_INFINITE_RECURSION = YES;
				CLANG_WARN_INT_CONVERSION = YES;
				CLANG_WARN_NON_LITERAL_NULL_CONVERSION = YES;
				CLANG_WARN_OBJC_IMPLICIT_RETAIN_SELF = YES;
				CLANG_WARN_OBJC_LITERAL_CONVERSION = YES;
				CLANG_WARN_OBJC_ROOT_CLASS = YES_ERROR;
				CLANG_WARN_RANGE_LOOP_ANALYSIS = YES;
				CLANG_WARN_STRICT_PROTOTYPES = YES;
				CLANG_WARN_SUSPICIOUS_MOVE = YES;
				CLANG_WARN_UNGUARDED_AVAILABILITY = YES_AGGRESSIVE;
				CLANG_WARN_UNREACHABLE_CODE = YES;
				CLANG_WARN__DUPLICATE_METHOD_MATCH = YES;
				COPY_PHASE_STRIP = NO;
				DEBUG_INFORMATION_FORMAT = dwarf;
				ENABLE_STRICT_OBJC_MSGSEND = YES;
				ENABLE_TESTABILITY = YES;
				GCC_C_LANGUAGE_STANDARD = gnu11;
				GCC_DYNAMIC_NO_PIC = NO;
				GCC_NO_COMMON_BLOCKS = YES;
				GCC_OPTIMIZATION_LEVEL = 0;
				GCC_PREPROCESSOR_DEFINITIONS = (
					"DEBUG=1",
					"$(inherited)",
				);
				GCC_WARN_64_TO_32_BIT_CONVERSION = YES;
				GCC_WARN_ABOUT_RETURN_TYPE = YES_ERROR;
				GCC_WARN_UNDECLARED_SELECTOR = YES;
				GCC_WARN_UNINITIALIZED_AUTOS = YES_AGGRESSIVE;
				GCC_WARN_UNUSED_FUNCTION = YES;
				GCC_WARN_UNUSED_VARIABLE = YES;
				IPHONEOS_DEPLOYMENT_TARGET = 13.4;
				MTL_ENABLE_DEBUG_INFO = INCLUDE_SOURCE;
				MTL_FAST_MATH = YES;
				ONLY_ACTIVE_ARCH = YES;
				SDKROOT = iphoneos;
				SWIFT_ACTIVE_COMPILATION_CONDITIONS = DEBUG;
				SWIFT_OPTIMIZATION_LEVEL = "-Onone";
			};
			name = Debug;
		};
		1DB2D6C124630C2000ECBB67 /* Release */ = {
			isa = XCBuildConfiguration;
			buildSettings = {
				ALWAYS_SEARCH_USER_PATHS = NO;
				CLANG_ANALYZER_NONNULL = YES;
				CLANG_ANALYZER_NUMBER_OBJECT_CONVERSION = YES_AGGRESSIVE;
				CLANG_CXX_LANGUAGE_STANDARD = "gnu++14";
				CLANG_CXX_LIBRARY = "libc++";
				CLANG_ENABLE_MODULES = YES;
				CLANG_ENABLE_OBJC_ARC = YES;
				CLANG_ENABLE_OBJC_WEAK = YES;
				CLANG_WARN_BLOCK_CAPTURE_AUTORELEASING = YES;
				CLANG_WARN_BOOL_CONVERSION = YES;
				CLANG_WARN_COMMA = YES;
				CLANG_WARN_CONSTANT_CONVERSION = YES;
				CLANG_WARN_DEPRECATED_OBJC_IMPLEMENTATIONS = YES;
				CLANG_WARN_DIRECT_OBJC_ISA_USAGE = YES_ERROR;
				CLANG_WARN_DOCUMENTATION_COMMENTS = YES;
				CLANG_WARN_EMPTY_BODY = YES;
				CLANG_WARN_ENUM_CONVERSION = YES;
				CLANG_WARN_INFINITE_RECURSION = YES;
				CLANG_WARN_INT_CONVERSION = YES;
				CLANG_WARN_NON_LITERAL_NULL_CONVERSION = YES;
				CLANG_WARN_OBJC_IMPLICIT_RETAIN_SELF = YES;
				CLANG_WARN_OBJC_LITERAL_CONVERSION = YES;
				CLANG_WARN_OBJC_ROOT_CLASS = YES_ERROR;
				CLANG_WARN_RANGE_LOOP_ANALYSIS = YES;
				CLANG_WARN_STRICT_PROTOTYPES = YES;
				CLANG_WARN_SUSPICIOUS_MOVE = YES;
				CLANG_WARN_UNGUARDED_AVAILABILITY = YES_AGGRESSIVE;
				CLANG_WARN_UNREACHABLE_CODE = YES;
				CLANG_WARN__DUPLICATE_METHOD_MATCH = YES;
				COPY_PHASE_STRIP = NO;
				DEBUG_INFORMATION_FORMAT = "dwarf-with-dsym";
				ENABLE_NS_ASSERTIONS = NO;
				ENABLE_STRICT_OBJC_MSGSEND = YES;
				GCC_C_LANGUAGE_STANDARD = gnu11;
				GCC_NO_COMMON_BLOCKS = YES;
				GCC_WARN_64_TO_32_BIT_CONVERSION = YES;
				GCC_WARN_ABOUT_RETURN_TYPE = YES_ERROR;
				GCC_WARN_UNDECLARED_SELECTOR = YES;
				GCC_WARN_UNINITIALIZED_AUTOS = YES_AGGRESSIVE;
				GCC_WARN_UNUSED_FUNCTION = YES;
				GCC_WARN_UNUSED_VARIABLE = YES;
				IPHONEOS_DEPLOYMENT_TARGET = 13.4;
				MTL_ENABLE_DEBUG_INFO = NO;
				MTL_FAST_MATH = YES;
				SDKROOT = iphoneos;
				SWIFT_COMPILATION_MODE = wholemodule;
				SWIFT_OPTIMIZATION_LEVEL = "-O";
				VALIDATE_PRODUCT = YES;
			};
			name = Release;
		};
		1DB2D6C324630C2000ECBB67 /* Debug */ = {
			isa = XCBuildConfiguration;
			buildSettings = {
				ASSETCATALOG_COMPILER_APPICON_NAME = AppIcon;
				CODE_SIGN_STYLE = Automatic;
				DEVELOPMENT_TEAM = X797N6PFJQ;
				INFOPLIST_FILE = Pay_Timer_SB/Info.plist;
				LD_RUNPATH_SEARCH_PATHS = (
					"$(inherited)",
					"@executable_path/Frameworks",
				);
				PRODUCT_BUNDLE_IDENTIFIER = "com.federicopastormerlo.Pay-Timer-SB";
				PRODUCT_NAME = "$(TARGET_NAME)";
				SWIFT_VERSION = 5.0;
				TARGETED_DEVICE_FAMILY = "1,2";
			};
			name = Debug;
		};
		1DB2D6C424630C2000ECBB67 /* Release */ = {
			isa = XCBuildConfiguration;
			buildSettings = {
				ASSETCATALOG_COMPILER_APPICON_NAME = AppIcon;
				CODE_SIGN_STYLE = Automatic;
				DEVELOPMENT_TEAM = X797N6PFJQ;
				INFOPLIST_FILE = Pay_Timer_SB/Info.plist;
				LD_RUNPATH_SEARCH_PATHS = (
					"$(inherited)",
					"@executable_path/Frameworks",
				);
				PRODUCT_BUNDLE_IDENTIFIER = "com.federicopastormerlo.Pay-Timer-SB";
				PRODUCT_NAME = "$(TARGET_NAME)";
				SWIFT_VERSION = 5.0;
				TARGETED_DEVICE_FAMILY = "1,2";
			};
			name = Release;
		};
/* End XCBuildConfiguration section */

/* Begin XCConfigurationList section */
		1DB2D6A924630C1E00ECBB67 /* Build configuration list for PBXProject "Pay_Timer_SB" */ = {
			isa = XCConfigurationList;
			buildConfigurations = (
				1DB2D6C024630C2000ECBB67 /* Debug */,
				1DB2D6C124630C2000ECBB67 /* Release */,
			);
			defaultConfigurationIsVisible = 0;
			defaultConfigurationName = Release;
		};
		1DB2D6C224630C2000ECBB67 /* Build configuration list for PBXNativeTarget "Pay_Timer_SB" */ = {
			isa = XCConfigurationList;
			buildConfigurations = (
				1DB2D6C324630C2000ECBB67 /* Debug */,
				1DB2D6C424630C2000ECBB67 /* Release */,
			);
			defaultConfigurationIsVisible = 0;
			defaultConfigurationName = Release;
		};
/* End XCConfigurationList section */
	};
	rootObject = 1DB2D6A624630C1E00ECBB67 /* Project object */;
}
